
Microsoft Visual Studio Solution File, Format Version 12.00
# Visual Studio Version 16
VisualStudioVersion = 16.0.31424.327
MinimumVisualStudioVersion = 10.0.40219.1
Project("{FAE04EC0-301F-11D3-BF4B-00C04F79EFBC}") = "AzureStorageConnector", "Qubix.PnPFramework.AzureStorageConnector\AzureStorageConnector.csproj", "{C26833F7-96B4-455C-BDB6-7D50F4ACF744}"
EndProject
Global
	GlobalSection(SolutionConfigurationPlatforms) = preSolution
		Debug|Any CPU = Debug|Any CPU
		Release|Any CPU = Release|Any CPU
	EndGlobalSection
	GlobalSection(ProjectConfigurationPlatforms) = postSolution
		{C26833F7-96B4-455C-BDB6-7D50F4ACF744}.Debug|Any CPU.ActiveCfg = Debug|Any CPU
		{C26833F7-96B4-455C-BDB6-7D50F4ACF744}.Debug|Any CPU.Build.0 = Debug|Any CPU
		{C26833F7-96B4-455C-BDB6-7D50F4ACF744}.Release|Any CPU.ActiveCfg = Release|Any CPU
		{C26833F7-96B4-455C-BDB6-7D50F4ACF744}.Release|Any CPU.Build.0 = Release|Any CPU
	EndGlobalSection
	GlobalSection(SolutionProperties) = preSolution
		HideSolutionNode = FALSE
	EndGlobalSection
	GlobalSection(ExtensibilityGlobals) = postSolution
		SolutionGuid = {796A8F64-D6F4-48E3-8684-17061D6DB266}
	EndGlobalSection
EndGlobal
